
Microsoft Visual Studio Solution File, Format Version 12.00
# Visual Studio Version 17
VisualStudioVersion = 17.9.34723.18
MinimumVisualStudioVersion = 10.0.40219.1
Project("{FAE04EC0-301F-11D3-BF4B-00C04F79EFBC}") = "FinalProject201", "FinalProject201\FinalProject201.csproj", "{52A055A1-9282-418B-8C43-EEF6B45FF059}"
EndProject
Global
	GlobalSection(SolutionConfigurationPlatforms) = preSolution
		Debug|Any CPU = Debug|Any CPU
		Release|Any CPU = Release|Any CPU
	EndGlobalSection
	GlobalSection(ProjectConfigurationPlatforms) = postSolution
		{52A055A1-9282-418B-8C43-EEF6B45FF059}.Debug|Any CPU.ActiveCfg = Debug|Any CPU
		{52A055A1-9282-418B-8C43-EEF6B45FF059}.Debug|Any CPU.Build.0 = Debug|Any CPU
		{52A055A1-9282-418B-8C43-EEF6B45FF059}.Release|Any CPU.ActiveCfg = Release|Any CPU
		{52A055A1-9282-418B-8C43-EEF6B45FF059}.Release|Any CPU.Build.0 = Release|Any CPU
	EndGlobalSection
	GlobalSection(SolutionProperties) = preSolution
		HideSolutionNode = FALSE
	EndGlobalSection
	GlobalSection(ExtensibilityGlobals) = postSolution
		SolutionGuid = {E04B70EB-D250-4CE3-BD85-3329D743BCD4}
	EndGlobalSection
EndGlobal
